# THIS IS AN AUTOGENERATED FILE. DO NOT EDIT THIS FILE DIRECTLY.
# yarn lockfile v1


reveal.js-appearance@^1.0.7:
  version "1.0.7"
  resolved "https://registry.yarnpkg.com/reveal.js-appearance/-/reveal.js-appearance-1.0.7.tgz#65ca44ef68196213a56fdc78fd505b0fa1d59f8d"
  integrity sha512-9g9cFik/xy22Khi1QuqJ71sgxN+unuEs7xIByKM4ZRO269XbQBX02Qag3uHjoMAdCrLUFkncbbjxwzUtPIgYeQ==

reveal.js-menu@^2.1.0:
  version "2.1.0"
  resolved "https://registry.yarnpkg.com/reveal.js-menu/-/reveal.js-menu-2.1.0.tgz#c9e2f6998a00e1f403015ee4210cde294dab271b"
  integrity sha512-35zp4fHSMyWd15+3CvQ8LrpS+4Gj2qvlkxX3lo5LpITDe6ZkA4A9y1E5fE63YlQl5fp7W1mNgNJr4kCU0s14lA==

reveal.js-toolbar@^0.2.1:
  version "0.2.1"
  resolved "https://registry.yarnpkg.com/reveal.js-toolbar/-/reveal.js-toolbar-0.2.1.tgz#d9de7c18336d43ecf2e73e1f0d79e51245f11c9c"
  integrity sha512-5XGyfs7aTWHCzl8CxicX6CAIArNhSI9v6jFpprymGQQk/jj7RsGvaNaTs9zyRdeiGF2j7fxQUKwwM1+R9EMiEA==
